
Microsoft Visual Studio Solution File, Format Version 12.00
# Visual Studio 14
VisualStudioVersion = 14.0.24720.0
MinimumVisualStudioVersion = 10.0.40219.1
Project("{FAE04EC0-301F-11D3-BF4B-00C04F79EFBC}") = "GET_Test", "GET_Test.csproj", "{4D7887A6-E7A5-49DB-9514-6A57D3D7E21B}"
EndProject
Global
	GlobalSection(SolutionConfigurationPlatforms) = preSolution
		Debug|Any CPU = Debug|Any CPU
		Release|Any CPU = Release|Any CPU
	EndGlobalSection
	GlobalSection(ProjectConfigurationPlatforms) = postSolution
		{4D7887A6-E7A5-49DB-9514-6A57D3D7E21B}.Debug|Any CPU.ActiveCfg = Debug|Any CPU
		{4D7887A6-E7A5-49DB-9514-6A57D3D7E21B}.Debug|Any CPU.Build.0 = Debug|Any CPU
		{4D7887A6-E7A5-49DB-9514-6A57D3D7E21B}.Release|Any CPU.ActiveCfg = Release|Any CPU
		{4D7887A6-E7A5-49DB-9514-6A57D3D7E21B}.Release|Any CPU.Build.0 = Release|Any CPU
	EndGlobalSection
	GlobalSection(SolutionProperties) = preSolution
		HideSolutionNode = FALSE
	EndGlobalSection
EndGlobal
